
Microsoft Visual Studio Solution File, Format Version 12.00
# Visual Studio Version 17
VisualStudioVersion = 17.0.31903.59
MinimumVisualStudioVersion = 10.0.40219.1
Project("{FAE04EC0-301F-11D3-BF4B-00C04F79EFBC}") = "ProgramaInventario1", "ProgramaInventario1\ProgramaInventario1.csproj", "{84C4DD97-C9AD-437F-999F-6E90868DB3CD}"
EndProject
Global
	GlobalSection(SolutionConfigurationPlatforms) = preSolution
		Debug|Any CPU = Debug|Any CPU
		Release|Any CPU = Release|Any CPU
	EndGlobalSection
	GlobalSection(ProjectConfigurationPlatforms) = postSolution
		{84C4DD97-C9AD-437F-999F-6E90868DB3CD}.Debug|Any CPU.ActiveCfg = Debug|Any CPU
		{84C4DD97-C9AD-437F-999F-6E90868DB3CD}.Debug|Any CPU.Build.0 = Debug|Any CPU
		{84C4DD97-C9AD-437F-999F-6E90868DB3CD}.Release|Any CPU.ActiveCfg = Release|Any CPU
		{84C4DD97-C9AD-437F-999F-6E90868DB3CD}.Release|Any CPU.Build.0 = Release|Any CPU
	EndGlobalSection
	GlobalSection(SolutionProperties) = preSolution
		HideSolutionNode = FALSE
	EndGlobalSection
	GlobalSection(ExtensibilityGlobals) = postSolution
		SolutionGuid = {F5305DA1-4846-4F60-9C69-A7A0158295A1}
	EndGlobalSection
EndGlobal
